
Microsoft Visual Studio Solution File, Format Version 12.00
# Visual Studio Version 16
VisualStudioVersion = 16.0.30413.136
MinimumVisualStudioVersion = 10.0.40219.1
Project("{FAE04EC0-301F-11D3-BF4B-00C04F79EFBC}") = "FacileDLL", "FacileDLL.csproj", "{1F193937-FA0C-47CA-9EED-D6DB2C77A9B8}"
EndProject
Global
	GlobalSection(SolutionConfigurationPlatforms) = preSolution
		Debug|Any CPU = Debug|Any CPU
		Release|Any CPU = Release|Any CPU
	EndGlobalSection
	GlobalSection(ProjectConfigurationPlatforms) = postSolution
		{1F193937-FA0C-47CA-9EED-D6DB2C77A9B8}.Debug|Any CPU.ActiveCfg = Debug|Any CPU
		{1F193937-FA0C-47CA-9EED-D6DB2C77A9B8}.Debug|Any CPU.Build.0 = Debug|Any CPU
		{1F193937-FA0C-47CA-9EED-D6DB2C77A9B8}.Release|Any CPU.ActiveCfg = Release|Any CPU
		{1F193937-FA0C-47CA-9EED-D6DB2C77A9B8}.Release|Any CPU.Build.0 = Release|Any CPU
	EndGlobalSection
	GlobalSection(SolutionProperties) = preSolution
		HideSolutionNode = FALSE
	EndGlobalSection
	GlobalSection(ExtensibilityGlobals) = postSolution
		SolutionGuid = {B9AB1C8C-E46F-4307-9652-9272419FD9CF}
	EndGlobalSection
EndGlobal
